# This file is autogenerated, do not edit; changes may be undone by the next 'dep ensure'.


[[projects]]
  branch = "v1"
  name = "gopkg.in/ddspog/mspec.v1"
  packages = [".","assert","bdd","colors"]
  revision = "48ae8563e58f7506255081d6a45d72ec047c0cd7"

[solve-meta]
  analyzer-name = "dep"
  analyzer-version = 1
  inputs-digest = "a2817c5ba4521138d56ad323f4b070c01b3c0d0806669464a582392eff59dfbe"
  solver-name = "gps-cdcl"
  solver-version = 1
